// !$*UTF8*$!
{
	archiveVersion = 1;
	classes = {
	};
	objectVersion = 56;
	objects = {

/* Begin PBXBuildFile section */
		4C3FFBF72A9CEB5A00D4CA6E /* BiarFoodiphoneApp.swift in Sources */ = {isa = PBXBuildFile; fileRef = 4C3FFBF62A9CEB5A00D4CA6E /* BiarFoodiphoneApp.swift */; };
		4C3FFBF92A9CEB5A00D4CA6E /* ContentView.swift in Sources */ = {isa = PBXBuildFile; fileRef = 4C3FFBF82A9CEB5A00D4CA6E /* ContentView.swift */; };
		4C3FFBFB2A9CEB5A00D4CA6E /* Assets.xcassets in Resources */ = {isa = PBXBuildFile; fileRef = 4C3FFBFA2A9CEB5A00D4CA6E /* Assets.xcassets */; };
		4C3FFBFE2A9CEB5A00D4CA6E /* Preview Assets.xcassets in Resources */ = {isa = PBXBuildFile; fileRef = 4C3FFBFD2A9CEB5A00D4CA6E /* Preview Assets.xcassets */; };
		4C3FFC082A9CEB5B00D4CA6E /* BiarFoodiphoneTests.swift in Sources */ = {isa = PBXBuildFile; fileRef = 4C3FFC072A9CEB5B00D4CA6E /* BiarFoodiphoneTests.swift */; };
		4C3FFC122A9CEB5B00D4CA6E /* BiarFoodiphoneUITests.swift in Sources */ = {isa = PBXBuildFile; fileRef = 4C3FFC112A9CEB5B00D4CA6E /* BiarFoodiphoneUITests.swift */; };
		4C3FFC142A9CEB5B00D4CA6E /* BiarFoodiphoneUITestsLaunchTests.swift in Sources */ = {isa = PBXBuildFile; fileRef = 4C3FFC132A9CEB5B00D4CA6E /* BiarFoodiphoneUITestsLaunchTests.swift */; };
/* End PBXBuildFile section */

/* Begin PBXContainerItemProxy section */
		4C3FFC042A9CEB5B00D4CA6E /* PBXContainerItemProxy */ = {
			isa = PBXContainerItemProxy;
			containerPortal = 4C3FFBEB2A9CEB5A00D4CA6E /* Project object */;
			proxyType = 1;
			remoteGlobalIDString = 4C3FFBF22A9CEB5A00D4CA6E;
			remoteInfo = BiarFoodiphone;
		};
		4C3FFC0E2A9CEB5B00D4CA6E /* PBXContainerItemProxy */ = {
			isa = PBXContainerItemProxy;
			containerPortal = 4C3FFBEB2A9CEB5A00D4CA6E /* Project object */;
			proxyType = 1;
			remoteGlobalIDString = 4C3FFBF22A9CEB5A00D4CA6E;
			remoteInfo = BiarFoodiphone;
		};
/* End PBXContainerItemProxy section */

/* Begin PBXFileReference section */
		4C3FFBF32A9CEB5A00D4CA6E /* BiarFoodiphone.app */ = {isa = PBXFileReference; explicitFileType = wrapper.application; includeInIndex = 0; path = BiarFoodiphone.app; sourceTree = BUILT_PRODUCTS_DIR; };
		4C3FFBF62A9CEB5A00D4CA6E /* BiarFoodiphoneApp.swift */ = {isa = PBXFileReference; lastKnownFileType = sourcecode.swift; path = BiarFoodiphoneApp.swift; sourceTree = "<group>"; };
		4C3FFBF82A9CEB5A00D4CA6E /* ContentView.swift */ = {isa = PBXFileReference; lastKnownFileType = sourcecode.swift; path = ContentView.swift; sourceTree = "<group>"; };
		4C3FFBFA2A9CEB5A00D4CA6E /* Assets.xcassets */ = {isa = PBXFileReference; lastKnownFileType = folder.assetcatalog; path = Assets.xcassets; sourceTree = "<group>"; };
		4C3FFBFD2A9CEB5A00D4CA6E /* Preview Assets.xcassets */ = {isa = PBXFileReference; lastKnownFileType = folder.assetcatalog; path = "Preview Assets.xcassets"; sourceTree = "<group>"; };
		4C3FFC032A9CEB5B00D4CA6E /* BiarFoodiphoneTests.xctest */ = {isa = PBXFileReference; explicitFileType = wrapper.cfbundle; includeInIndex = 0; path = BiarFoodiphoneTests.xctest; sourceTree = BUILT_PRODUCTS_DIR; };
		4C3FFC072A9CEB5B00D4CA6E /* BiarFoodiphoneTests.swift */ = {isa = PBXFileReference; lastKnownFileType = sourcecode.swift; path = BiarFoodiphoneTests.swift; sourceTree = "<group>"; };
		4C3FFC0D2A9CEB5B00D4CA6E /* BiarFoodiphoneUITests.xctest */ = {isa = PBXFileReference; explicitFileType = wrapper.cfbundle; includeInIndex = 0; path = BiarFoodiphoneUITests.xctest; sourceTree = BUILT_PRODUCTS_DIR; };
		4C3FFC112A9CEB5B00D4CA6E /* BiarFoodiphoneUITests.swift */ = {isa = PBXFileReference; lastKnownFileType = sourcecode.swift; path = BiarFoodiphoneUITests.swift; sourceTree = "<group>"; };
		4C3FFC132A9CEB5B00D4CA6E /* BiarFoodiphoneUITestsLaunchTests.swift */ = {isa = PBXFileReference; lastKnownFileType = sourcecode.swift; path = BiarFoodiphoneUITestsLaunchTests.swift; sourceTree = "<group>"; };
/* End PBXFileReference section */

/* Begin PBXFrameworksBuildPhase section */
		4C3FFBF02A9CEB5A00D4CA6E /* Frameworks */ = {
			isa = PBXFrameworksBuildPhase;
			buildActionMask = 2147483647;
			files = (
			);
			runOnlyForDeploymentPostprocessing = 0;
		};
		4C3FFC002A9CEB5B00D4CA6E /* Frameworks */ = {
			isa = PBXFrameworksBuildPhase;
			buildActionMask = 2147483647;
			files = (
			);
			runOnlyForDeploymentPostprocessing = 0;
		};
		4C3FFC0A2A9CEB5B00D4CA6E /* Frameworks */ = {
			isa = PBXFrameworksBuildPhase;
			buildActionMask = 2147483647;
			files = (
			);
			runOnlyForDeploymentPostprocessing = 0;
		};
/* End PBXFrameworksBuildPhase section */

/* Begin PBXGroup section */
		4C3FFBEA2A9CEB5A00D4CA6E = {
			isa = PBXGroup;
			children = (
				4C3FFBF52A9CEB5A00D4CA6E /* BiarFoodiphone */,
				4C3FFC062A9CEB5B00D4CA6E /* BiarFoodiphoneTests */,
				4C3FFC102A9CEB5B00D4CA6E /* BiarFoodiphoneUITests */,
				4C3FFBF42A9CEB5A00D4CA6E /* Products */,
			);
			sourceTree = "<group>";
		};
		4C3FFBF42A9CEB5A00D4CA6E /* Products */ = {
			isa = PBXGroup;
			children = (
				4C3FFBF32A9CEB5A00D4CA6E /* BiarFoodiphone.app */,
				4C3FFC032A9CEB5B00D4CA6E /* BiarFoodiphoneTests.xctest */,
				4C3FFC0D2A9CEB5B00D4CA6E /* BiarFoodiphoneUITests.xctest */,
			);
			name = Products;
			sourceTree = "<group>";
		};
		4C3FFBF52A9CEB5A00D4CA6E /* BiarFoodiphone */ = {
			isa = PBXGroup;
			children = (
				4C3FFBF62A9CEB5A00D4CA6E /* BiarFoodiphoneApp.swift */,
				4C3FFBF82A9CEB5A00D4CA6E /* ContentView.swift */,
				4C3FFBFA2A9CEB5A00D4CA6E /* Assets.xcassets */,
				4C3FFBFC2A9CEB5A00D4CA6E /* Preview Content */,
			);
			path = BiarFoodiphone;
			sourceTree = "<group>";
		};
		4C3FFBFC2A9CEB5A00D4CA6E /* Preview Content */ = {
			isa = PBXGroup;
			children = (
				4C3FFBFD2A9CEB5A00D4CA6E /* Preview Assets.xcassets */,
			);
			path = "Preview Content";
			sourceTree = "<group>";
		};
		4C3FFC062A9CEB5B00D4CA6E /* BiarFoodiphoneTests */ = {
			isa = PBXGroup;
			children = (
				4C3FFC072A9CEB5B00D4CA6E /* BiarFoodiphoneTests.swift */,
			);
			path = BiarFoodiphoneTests;
			sourceTree = "<group>";
		};
		4C3FFC102A9CEB5B00D4CA6E /* BiarFoodiphoneUITests */ = {
			isa = PBXGroup;
			children = (
				4C3FFC112A9CEB5B00D4CA6E /* BiarFoodiphoneUITests.swift */,
				4C3FFC132A9CEB5B00D4CA6E /* BiarFoodiphoneUITestsLaunchTests.swift */,
			);
			path = BiarFoodiphoneUITests;
			sourceTree = "<group>";
		};
/* End PBXGroup section */

/* Begin PBXNativeTarget section */
		4C3FFBF22A9CEB5A00D4CA6E /* BiarFoodiphone */ = {
			isa = PBXNativeTarget;
			buildConfigurationList = 4C3FFC172A9CEB5B00D4CA6E /* Build configuration list for PBXNativeTarget "BiarFoodiphone" */;
			buildPhases = (
				4C3FFBEF2A9CEB5A00D4CA6E /* Sources */,
				4C3FFBF02A9CEB5A00D4CA6E /* Frameworks */,
				4C3FFBF12A9CEB5A00D4CA6E /* Resources */,
			);
			buildRules = (
			);
			dependencies = (
			);
			name = BiarFoodiphone;
			productName = BiarFoodiphone;
			productReference = 4C3FFBF32A9CEB5A00D4CA6E /* BiarFoodiphone.app */;
			productType = "com.apple.product-type.application";
		};
		4C3FFC022A9CEB5B00D4CA6E /* BiarFoodiphoneTests */ = {
			isa = PBXNativeTarget;
			buildConfigurationList = 4C3FFC1A2A9CEB5B00D4CA6E /* Build configuration list for PBXNativeTarget "BiarFoodiphoneTests" */;
			buildPhases = (
				4C3FFBFF2A9CEB5B00D4CA6E /* Sources */,
				4C3FFC002A9CEB5B00D4CA6E /* Frameworks */,
				4C3FFC012A9CEB5B00D4CA6E /* Resources */,
			);
			buildRules = (
			);
			dependencies = (
				4C3FFC052A9CEB5B00D4CA6E /* PBXTargetDependency */,
			);
			name = BiarFoodiphoneTests;
			productName = BiarFoodiphoneTests;
			productReference = 4C3FFC032A9CEB5B00D4CA6E /* BiarFoodiphoneTests.xctest */;
			productType = "com.apple.product-type.bundle.unit-test";
		};
		4C3FFC0C2A9CEB5B00D4CA6E /* BiarFoodiphoneUITests */ = {
			isa = PBXNativeTarget;
			buildConfigurationList = 4C3FFC1D2A9CEB5B00D4CA6E /* Build configuration list for PBXNativeTarget "BiarFoodiphoneUITests" */;
			buildPhases = (
				4C3FFC092A9CEB5B00D4CA6E /* Sources */,
				4C3FFC0A2A9CEB5B00D4CA6E /* Frameworks */,
				4C3FFC0B2A9CEB5B00D4CA6E /* Resources */,
			);
			buildRules = (
			);
			dependencies = (
				4C3FFC0F2A9CEB5B00D4CA6E /* PBXTargetDependency */,
			);
			name = BiarFoodiphoneUITests;
			productName = BiarFoodiphoneUITests;
			productReference = 4C3FFC0D2A9CEB5B00D4CA6E /* BiarFoodiphoneUITests.xctest */;
			productType = "com.apple.product-type.bundle.ui-testing";
		};
/* End PBXNativeTarget section */

/* Begin PBXProject section */
		4C3FFBEB2A9CEB5A00D4CA6E /* Project object */ = {
			isa = PBXProject;
			attributes = {
				BuildIndependentTargetsInParallel = 1;
				LastSwiftUpdateCheck = 1430;
				LastUpgradeCheck = 1430;
				TargetAttributes = {
					4C3FFBF22A9CEB5A00D4CA6E = {
						CreatedOnToolsVersion = 14.3.1;
					};
					4C3FFC022A9CEB5B00D4CA6E = {
						CreatedOnToolsVersion = 14.3.1;
						TestTargetID = 4C3FFBF22A9CEB5A00D4CA6E;
					};
					4C3FFC0C2A9CEB5B00D4CA6E = {
						CreatedOnToolsVersion = 14.3.1;
						TestTargetID = 4C3FFBF22A9CEB5A00D4CA6E;
					};
				};
			};
			buildConfigurationList = 4C3FFBEE2A9CEB5A00D4CA6E /* Build configuration list for PBXProject "BiarFoodiphone" */;
			compatibilityVersion = "Xcode 14.0";
			developmentRegion = en;
			hasScannedForEncodings = 0;
			knownRegions = (
				en,
				Base,
			);
			mainGroup = 4C3FFBEA2A9CEB5A00D4CA6E;
			productRefGroup = 4C3FFBF42A9CEB5A00D4CA6E /* Products */;
			projectDirPath = "";
			projectRoot = "";
			targets = (
				4C3FFBF22A9CEB5A00D4CA6E /* BiarFoodiphone */,
				4C3FFC022A9CEB5B00D4CA6E /* BiarFoodiphoneTests */,
				4C3FFC0C2A9CEB5B00D4CA6E /* BiarFoodiphoneUITests */,
			);
		};
/* End PBXProject section */

/* Begin PBXResourcesBuildPhase section */
		4C3FFBF12A9CEB5A00D4CA6E /* Resources */ = {
			isa = PBXResourcesBuildPhase;
			buildActionMask = 2147483647;
			files = (
				4C3FFBFE2A9CEB5A00D4CA6E /* Preview Assets.xcassets in Resources */,
				4C3FFBFB2A9CEB5A00D4CA6E /* Assets.xcassets in Resources */,
			);
			runOnlyForDeploymentPostprocessing = 0;
		};
		4C3FFC012A9CEB5B00D4CA6E /* Resources */ = {
			isa = PBXResourcesBuildPhase;
			buildActionMask = 2147483647;
			files = (
			);
			runOnlyForDeploymentPostprocessing = 0;
		};
		4C3FFC0B2A9CEB5B00D4CA6E /* Resources */ = {
			isa = PBXResourcesBuildPhase;
			buildActionMask = 2147483647;
			files = (
			);
			runOnlyForDeploymentPostprocessing = 0;
		};
/* End PBXResourcesBuildPhase section */

/* Begin PBXSourcesBuildPhase section */
		4C3FFBEF2A9CEB5A00D4CA6E /* Sources */ = {
			isa = PBXSourcesBuildPhase;
			buildActionMask = 2147483647;
			files = (
				4C3FFBF92A9CEB5A00D4CA6E /* ContentView.swift in Sources */,
				4C3FFBF72A9CEB5A00D4CA6E /* BiarFoodiphoneApp.swift in Sources */,
			);
			runOnlyForDeploymentPostprocessing = 0;
		};
		4C3FFBFF2A9CEB5B00D4CA6E /* Sources */ = {
			isa = PBXSourcesBuildPhase;
			buildActionMask = 2147483647;
			files = (
				4C3FFC082A9CEB5B00D4CA6E /* BiarFoodiphoneTests.swift in Sources */,
			);
			runOnlyForDeploymentPostprocessing = 0;
		};
		4C3FFC092A9CEB5B00D4CA6E /* Sources */ = {
			isa = PBXSourcesBuildPhase;
			buildActionMask = 2147483647;
			files = (
				4C3FFC122A9CEB5B00D4CA6E /* BiarFoodiphoneUITests.swift in Sources */,
				4C3FFC142A9CEB5B00D4CA6E /* BiarFoodiphoneUITestsLaunchTests.swift in Sources */,
			);
			runOnlyForDeploymentPostprocessing = 0;
		};
/* End PBXSourcesBuildPhase section */

/* Begin PBXTargetDependency section */
		4C3FFC052A9CEB5B00D4CA6E /* PBXTargetDependency */ = {
			isa = PBXTargetDependency;
			target = 4C3FFBF22A9CEB5A00D4CA6E /* BiarFoodiphone */;
			targetProxy = 4C3FFC042A9CEB5B00D4CA6E /* PBXContainerItemProxy */;
		};
		4C3FFC0F2A9CEB5B00D4CA6E /* PBXTargetDependency */ = {
			isa = PBXTargetDependency;
			target = 4C3FFBF22A9CEB5A00D4CA6E /* BiarFoodiphone */;
			targetProxy = 4C3FFC0E2A9CEB5B00D4CA6E /* PBXContainerItemProxy */;
		};
/* End PBXTargetDependency section */

/* Begin XCBuildConfiguration section */
		4C3FFC152A9CEB5B00D4CA6E /* Debug */ = {
			isa = XCBuildConfiguration;
			buildSettings = {
				ALWAYS_SEARCH_USER_PATHS = NO;
				CLANG_ANALYZER_NONNULL = YES;
				CLANG_ANALYZER_NUMBER_OBJECT_CONVERSION = YES_AGGRESSIVE;
				CLANG_CXX_LANGUAGE_STANDARD = "gnu++20";
				CLANG_ENABLE_MODULES = YES;
				CLANG_ENABLE_OBJC_ARC = YES;
				CLANG_ENABLE_OBJC_WEAK = YES;
				CLANG_WARN_BLOCK_CAPTURE_AUTORELEASING = YES;
				CLANG_WARN_BOOL_CONVERSION = YES;
				CLANG_WARN_COMMA = YES;
				CLANG_WARN_CONSTANT_CONVERSION = YES;
				CLANG_WARN_DEPRECATED_OBJC_IMPLEMENTATIONS = YES;
				CLANG_WARN_DIRECT_OBJC_ISA_USAGE = YES_ERROR;
				CLANG_WARN_DOCUMENTATION_COMMENTS = YES;
				CLANG_WARN_EMPTY_BODY = YES;
				CLANG_WARN_ENUM_CONVERSION = YES;
				CLANG_WARN_INFINITE_RECURSION = YES;
				CLANG_WARN_INT_CONVERSION = YES;
				CLANG_WARN_NON_LITERAL_NULL_CONVERSION = YES;
				CLANG_WARN_OBJC_IMPLICIT_RETAIN_SELF = YES;
				CLANG_WARN_OBJC_LITERAL_CONVERSION = YES;
				CLANG_WARN_OBJC_ROOT_CLASS = YES_ERROR;
				CLANG_WARN_QUOTED_INCLUDE_IN_FRAMEWORK_HEADER = YES;
				CLANG_WARN_RANGE_LOOP_ANALYSIS = YES;
				CLANG_WARN_STRICT_PROTOTYPES = YES;
				CLANG_WARN_SUSPICIOUS_MOVE = YES;
				CLANG_WARN_UNGUARDED_AVAILABILITY = YES_AGGRESSIVE;
				CLANG_WARN_UNREACHABLE_CODE = YES;
				CLANG_WARN__DUPLICATE_METHOD_MATCH = YES;
				COPY_PHASE_STRIP = NO;
				DEBUG_INFORMATION_FORMAT = dwarf;
				ENABLE_STRICT_OBJC_MSGSEND = YES;
				ENABLE_TESTABILITY = YES;
				GCC_C_LANGUAGE_STANDARD = gnu11;
				GCC_DYNAMIC_NO_PIC = NO;
				GCC_NO_COMMON_BLOCKS = YES;
				GCC_OPTIMIZATION_LEVEL = 0;
				GCC_PREPROCESSOR_DEFINITIONS = (
					"DEBUG=1",
					"$(inherited)",
				);
				GCC_WARN_64_TO_32_BIT_CONVERSION = YES;
				GCC_WARN_ABOUT_RETURN_TYPE = YES_ERROR;
				GCC_WARN_UNDECLARED_SELECTOR = YES;
				GCC_WARN_UNINITIALIZED_AUTOS = YES_AGGRESSIVE;
				GCC_WARN_UNUSED_FUNCTION = YES;
				GCC_WARN_UNUSED_VARIABLE = YES;
				IPHONEOS_DEPLOYMENT_TARGET = 16.4;
				MTL_ENABLE_DEBUG_INFO = INCLUDE_SOURCE;
				MTL_FAST_MATH = YES;
				ONLY_ACTIVE_ARCH = YES;
				SDKROOT = iphoneos;
				SWIFT_ACTIVE_COMPILATION_CONDITIONS = DEBUG;
				SWIFT_OPTIMIZATION_LEVEL = "-Onone";
			};
			name = Debug;
		};
		4C3FFC162A9CEB5B00D4CA6E /* Release */ = {
			isa = XCBuildConfiguration;
			buildSettings = {
				ALWAYS_SEARCH_USER_PATHS = NO;
				CLANG_ANALYZER_NONNULL = YES;
				CLANG_ANALYZER_NUMBER_OBJECT_CONVERSION = YES_AGGRESSIVE;
				CLANG_CXX_LANGUAGE_STANDARD = "gnu++20";
				CLANG_ENABLE_MODULES = YES;
				CLANG_ENABLE_OBJC_ARC = YES;
				CLANG_ENABLE_OBJC_WEAK = YES;
				CLANG_WARN_BLOCK_CAPTURE_AUTORELEASING = YES;
				CLANG_WARN_BOOL_CONVERSION = YES;
				CLANG_WARN_COMMA = YES;
				CLANG_WARN_CONSTANT_CONVERSION = YES;
				CLANG_WARN_DEPRECATED_OBJC_IMPLEMENTATIONS = YES;
				CLANG_WARN_DIRECT_OBJC_ISA_USAGE = YES_ERROR;
				CLANG_WARN_DOCUMENTATION_COMMENTS = YES;
				CLANG_WARN_EMPTY_BODY = YES;
				CLANG_WARN_ENUM_CONVERSION = YES;
				CLANG_WARN_INFINITE_RECURSION = YES;
				CLANG_WARN_INT_CONVERSION = YES;
				CLANG_WARN_NON_LITERAL_NULL_CONVERSION = YES;
				CLANG_WARN_OBJC_IMPLICIT_RETAIN_SELF = YES;
				CLANG_WARN_OBJC_LITERAL_CONVERSION = YES;
				CLANG_WARN_OBJC_ROOT_CLASS = YES_ERROR;
				CLANG_WARN_QUOTED_INCLUDE_IN_FRAMEWORK_HEADER = YES;
				CLANG_WARN_RANGE_LOOP_ANALYSIS = YES;
				CLANG_WARN_STRICT_PROTOTYPES = YES;
				CLANG_WARN_SUSPICIOUS_MOVE = YES;
				CLANG_WARN_UNGUARDED_AVAILABILITY = YES_AGGRESSIVE;
				CLANG_WARN_UNREACHABLE_CODE = YES;
				CLANG_WARN__DUPLICATE_METHOD_MATCH = YES;
				COPY_PHASE_STRIP = NO;
				DEBUG_INFORMATION_FORMAT = "dwarf-with-dsym";
				ENABLE_NS_ASSERTIONS = NO;
				ENABLE_STRICT_OBJC_MSGSEND = YES;
				GCC_C_LANGUAGE_STANDARD = gnu11;
				GCC_NO_COMMON_BLOCKS = YES;
				GCC_WARN_64_TO_32_BIT_CONVERSION = YES;
				GCC_WARN_ABOUT_RETURN_TYPE = YES_ERROR;
				GCC_WARN_UNDECLARED_SELECTOR = YES;
				GCC_WARN_UNINITIALIZED_AUTOS = YES_AGGRESSIVE;
				GCC_WARN_UNUSED_FUNCTION = YES;
				GCC_WARN_UNUSED_VARIABLE = YES;
				IPHONEOS_DEPLOYMENT_TARGET = 16.4;
				MTL_ENABLE_DEBUG_INFO = NO;
				MTL_FAST_MATH = YES;
				SDKROOT = iphoneos;
				SWIFT_COMPILATION_MODE = wholemodule;
				SWIFT_OPTIMIZATION_LEVEL = "-O";
				VALIDATE_PRODUCT = YES;
			};
			name = Release;
		};
		4C3FFC182A9CEB5B00D4CA6E /* Debug */ = {
			isa = XCBuildConfiguration;
			buildSettings = {
				ASSETCATALOG_COMPILER_APPICON_NAME = AppIcon;
				ASSETCATALOG_COMPILER_GLOBAL_ACCENT_COLOR_NAME = AccentColor;
				CODE_SIGN_STYLE = Automatic;
				CURRENT_PROJECT_VERSION = 1;
				DEVELOPMENT_ASSET_PATHS = "\"BiarFoodiphone/Preview Content\"";
				DEVELOPMENT_TEAM = ST82B9K62G;
				ENABLE_PREVIEWS = YES;
				GENERATE_INFOPLIST_FILE = YES;
				INFOPLIST_KEY_UIApplicationSceneManifest_Generation = YES;
				INFOPLIST_KEY_UIApplicationSupportsIndirectInputEvents = YES;
				INFOPLIST_KEY_UILaunchScreen_Generation = YES;
				INFOPLIST_KEY_UISupportedInterfaceOrientations_iPad = "UIInterfaceOrientationPortrait UIInterfaceOrientationPortraitUpsideDown UIInterfaceOrientationLandscapeLeft UIInterfaceOrientationLandscapeRight";
				INFOPLIST_KEY_UISupportedInterfaceOrientations_iPhone = "UIInterfaceOrientationPortrait UIInterfaceOrientationLandscapeLeft UIInterfaceOrientationLandscapeRight";
				LD_RUNPATH_SEARCH_PATHS = (
					"$(inherited)",
					"@executable_path/Frameworks",
				);
				MARKETING_VERSION = 1.0;
				PRODUCT_BUNDLE_IDENTIFIER = emami.BiarFoodiphone;
				PRODUCT_NAME = "$(TARGET_NAME)";
				SWIFT_EMIT_LOC_STRINGS = YES;
				SWIFT_VERSION = 5.0;
				TARGETED_DEVICE_FAMILY = "1,2";
			};
			name = Debug;
		};
		4C3FFC192A9CEB5B00D4CA6E /* Release */ = {
			isa = XCBuildConfiguration;
			buildSettings = {
				ASSETCATALOG_COMPILER_APPICON_NAME = AppIcon;
				ASSETCATALOG_COMPILER_GLOBAL_ACCENT_COLOR_NAME = AccentColor;
				CODE_SIGN_STYLE = Automatic;
				CURRENT_PROJECT_VERSION = 1;
				DEVELOPMENT_ASSET_PATHS = "\"BiarFoodiphone/Preview Content\"";
				DEVELOPMENT_TEAM = ST82B9K62G;
				ENABLE_PREVIEWS = YES;
				GENERATE_INFOPLIST_FILE = YES;
				INFOPLIST_KEY_UIApplicationSceneManifest_Generation = YES;
				INFOPLIST_KEY_UIApplicationSupportsIndirectInputEvents = YES;
				INFOPLIST_KEY_UILaunchScreen_Generation = YES;
				INFOPLIST_KEY_UISupportedInterfaceOrientations_iPad = "UIInterfaceOrientationPortrait UIInterfaceOrientationPortraitUpsideDown UIInterfaceOrientationLandscapeLeft UIInterfaceOrientationLandscapeRight";
				INFOPLIST_KEY_UISupportedInterfaceOrientations_iPhone = "UIInterfaceOrientationPortrait UIInterfaceOrientationLandscapeLeft UIInterfaceOrientationLandscapeRight";
				LD_RUNPATH_SEARCH_PATHS = (
					"$(inherited)",
					"@executable_path/Frameworks",
				);
				MARKETING_VERSION = 1.0;
				PRODUCT_BUNDLE_IDENTIFIER = emami.BiarFoodiphone;
				PRODUCT_NAME = "$(TARGET_NAME)";
				SWIFT_EMIT_LOC_STRINGS = YES;
				SWIFT_VERSION = 5.0;
				TARGETED_DEVICE_FAMILY = "1,2";
			};
			name = Release;
		};
		4C3FFC1B2A9CEB5B00D4CA6E /* Debug */ = {
			isa = XCBuildConfiguration;
			buildSettings = {
				ALWAYS_EMBED_SWIFT_STANDARD_LIBRARIES = YES;
				BUNDLE_LOADER = "$(TEST_HOST)";
				CODE_SIGN_STYLE = Automatic;
				CURRENT_PROJECT_VERSION = 1;
				DEVELOPMENT_TEAM = ST82B9K62G;
				GENERATE_INFOPLIST_FILE = YES;
				IPHONEOS_DEPLOYMENT_TARGET = 16.4;
				MARKETING_VERSION = 1.0;
				PRODUCT_BUNDLE_IDENTIFIER = emami.BiarFoodiphoneTests;
				PRODUCT_NAME = "$(TARGET_NAME)";
				SWIFT_EMIT_LOC_STRINGS = NO;
				SWIFT_VERSION = 5.0;
				TARGETED_DEVICE_FAMILY = "1,2";
				TEST_HOST = "$(BUILT_PRODUCTS_DIR)/BiarFoodiphone.app/$(BUNDLE_EXECUTABLE_FOLDER_PATH)/BiarFoodiphone";
			};
			name = Debug;
		};
		4C3FFC1C2A9CEB5B00D4CA6E /* Release */ = {
			isa = XCBuildConfiguration;
			buildSettings = {
				ALWAYS_EMBED_SWIFT_STANDARD_LIBRARIES = YES;
				BUNDLE_LOADER = "$(TEST_HOST)";
				CODE_SIGN_STYLE = Automatic;
				CURRENT_PROJECT_VERSION = 1;
				DEVELOPMENT_TEAM = ST82B9K62G;
				GENERATE_INFOPLIST_FILE = YES;
				IPHONEOS_DEPLOYMENT_TARGET = 16.4;
				MARKETING_VERSION = 1.0;
				PRODUCT_BUNDLE_IDENTIFIER = emami.BiarFoodiphoneTests;
				PRODUCT_NAME = "$(TARGET_NAME)";
				SWIFT_EMIT_LOC_STRINGS = NO;
				SWIFT_VERSION = 5.0;
				TARGETED_DEVICE_FAMILY = "1,2";
				TEST_HOST = "$(BUILT_PRODUCTS_DIR)/BiarFoodiphone.app/$(BUNDLE_EXECUTABLE_FOLDER_PATH)/BiarFoodiphone";
			};
			name = Release;
		};
		4C3FFC1E2A9CEB5B00D4CA6E /* Debug */ = {
			isa = XCBuildConfiguration;
			buildSettings = {
				ALWAYS_EMBED_SWIFT_STANDARD_LIBRARIES = YES;
				CODE_SIGN_STYLE = Automatic;
				CURRENT_PROJECT_VERSION = 1;
				DEVELOPMENT_TEAM = ST82B9K62G;
				GENERATE_INFOPLIST_FILE = YES;
				MARKETING_VERSION = 1.0;
				PRODUCT_BUNDLE_IDENTIFIER = emami.BiarFoodiphoneUITests;
				PRODUCT_NAME = "$(TARGET_NAME)";
				SWIFT_EMIT_LOC_STRINGS = NO;
				SWIFT_VERSION = 5.0;
				TARGETED_DEVICE_FAMILY = "1,2";
				TEST_TARGET_NAME = BiarFoodiphone;
			};
			name = Debug;
		};
		4C3FFC1F2A9CEB5B00D4CA6E /* Release */ = {
			isa = XCBuildConfiguration;
			buildSettings = {
				ALWAYS_EMBED_SWIFT_STANDARD_LIBRARIES = YES;
				CODE_SIGN_STYLE = Automatic;
				CURRENT_PROJECT_VERSION = 1;
				DEVELOPMENT_TEAM = ST82B9K62G;
				GENERATE_INFOPLIST_FILE = YES;
				MARKETING_VERSION = 1.0;
				PRODUCT_BUNDLE_IDENTIFIER = emami.BiarFoodiphoneUITests;
				PRODUCT_NAME = "$(TARGET_NAME)";
				SWIFT_EMIT_LOC_STRINGS = NO;
				SWIFT_VERSION = 5.0;
				TARGETED_DEVICE_FAMILY = "1,2";
				TEST_TARGET_NAME = BiarFoodiphone;
			};
			name = Release;
		};
/* End XCBuildConfiguration section */

/* Begin XCConfigurationList section */
		4C3FFBEE2A9CEB5A00D4CA6E /* Build configuration list for PBXProject "BiarFoodiphone" */ = {
			isa = XCConfigurationList;
			buildConfigurations = (
				4C3FFC152A9CEB5B00D4CA6E /* Debug */,
				4C3FFC162A9CEB5B00D4CA6E /* Release */,
			);
			defaultConfigurationIsVisible = 0;
			defaultConfigurationName = Release;
		};
		4C3FFC172A9CEB5B00D4CA6E /* Build configuration list for PBXNativeTarget "BiarFoodiphone" */ = {
			isa = XCConfigurationList;
			buildConfigurations = (
				4C3FFC182A9CEB5B00D4CA6E /* Debug */,
				4C3FFC192A9CEB5B00D4CA6E /* Release */,
			);
			defaultConfigurationIsVisible = 0;
			defaultConfigurationName = Release;
		};
		4C3FFC1A2A9CEB5B00D4CA6E /* Build configuration list for PBXNativeTarget "BiarFoodiphoneTests" */ = {
			isa = XCConfigurationList;
			buildConfigurations = (
				4C3FFC1B2A9CEB5B00D4CA6E /* Debug */,
				4C3FFC1C2A9CEB5B00D4CA6E /* Release */,
			);
			defaultConfigurationIsVisible = 0;
			defaultConfigurationName = Release;
		};
		4C3FFC1D2A9CEB5B00D4CA6E /* Build configuration list for PBXNativeTarget "BiarFoodiphoneUITests" */ = {
			isa = XCConfigurationList;
			buildConfigurations = (
				4C3FFC1E2A9CEB5B00D4CA6E /* Debug */,
				4C3FFC1F2A9CEB5B00D4CA6E /* Release */,
			);
			defaultConfigurationIsVisible = 0;
			defaultConfigurationName = Release;
		};
/* End XCConfigurationList section */
	};
	rootObject = 4C3FFBEB2A9CEB5A00D4CA6E /* Project object */;
}
